// !$*UTF8*$!
{
	archiveVersion = 1;
	classes = {
	};
	objectVersion = 77;
	objects = {

/* Begin PBXContainerItemProxy section */
		F402F72B2D8878B40049610F /* PBXContainerItemProxy */ = {
			isa = PBXContainerItemProxy;
			containerPortal = F402F70C2D8878B30049610F /* Project object */;
			proxyType = 1;
			remoteGlobalIDString = F402F7132D8878B30049610F;
			remoteInfo = BeeRace;
		};
		F402F7352D8878B40049610F /* PBXContainerItemProxy */ = {
			isa = PBXContainerItemProxy;
			containerPortal = F402F70C2D8878B30049610F /* Project object */;
			proxyType = 1;
			remoteGlobalIDString = F402F7132D8878B30049610F;
			remoteInfo = BeeRace;
		};
/* End PBXContainerItemProxy section */

/* Begin PBXFileReference section */
		F402F7142D8878B30049610F /* BeeRace.app */ = {isa = PBXFileReference; explicitFileType = wrapper.application; includeInIndex = 0; path = BeeRace.app; sourceTree = BUILT_PRODUCTS_DIR; };
		F402F72A2D8878B40049610F /* BeeRaceTests.xctest */ = {isa = PBXFileReference; explicitFileType = wrapper.cfbundle; includeInIndex = 0; path = BeeRaceTests.xctest; sourceTree = BUILT_PRODUCTS_DIR; };
		F402F7342D8878B40049610F /* BeeRaceUITests.xctest */ = {isa = PBXFileReference; explicitFileType = wrapper.cfbundle; includeInIndex = 0; path = BeeRaceUITests.xctest; sourceTree = BUILT_PRODUCTS_DIR; };
/* End PBXFileReference section */

/* Begin PBXFileSystemSynchronizedBuildFileExceptionSet section */
		F402F73C2D8878B40049610F /* Exceptions for "BeeRace" folder in "BeeRace" target */ = {
			isa = PBXFileSystemSynchronizedBuildFileExceptionSet;
			membershipExceptions = (
				Info.plist,
			);
			target = F402F7132D8878B30049610F /* BeeRace */;
		};
/* End PBXFileSystemSynchronizedBuildFileExceptionSet section */

/* Begin PBXFileSystemSynchronizedRootGroup section */
		F402F7162D8878B30049610F /* BeeRace */ = {
			isa = PBXFileSystemSynchronizedRootGroup;
			exceptions = (
				F402F73C2D8878B40049610F /* Exceptions for "BeeRace" folder in "BeeRace" target */,
			);
			path = BeeRace;
			sourceTree = "<group>";
		};
		F402F72D2D8878B40049610F /* BeeRaceTests */ = {
			isa = PBXFileSystemSynchronizedRootGroup;
			path = BeeRaceTests;
			sourceTree = "<group>";
		};
		F402F7372D8878B40049610F /* BeeRaceUITests */ = {
			isa = PBXFileSystemSynchronizedRootGroup;
			path = BeeRaceUITests;
			sourceTree = "<group>";
		};
/* End PBXFileSystemSynchronizedRootGroup section */

/* Begin PBXFrameworksBuildPhase section */
		F402F7112D8878B30049610F /* Frameworks */ = {
			isa = PBXFrameworksBuildPhase;
			buildActionMask = 2147483647;
			files = (
			);
			runOnlyForDeploymentPostprocessing = 0;
		};
		F402F7272D8878B40049610F /* Frameworks */ = {
			isa = PBXFrameworksBuildPhase;
			buildActionMask = 2147483647;
			files = (
			);
			runOnlyForDeploymentPostprocessing = 0;
		};
		F402F7312D8878B40049610F /* Frameworks */ = {
			isa = PBXFrameworksBuildPhase;
			buildActionMask = 2147483647;
			files = (
			);
			runOnlyForDeploymentPostprocessing = 0;
		};
/* End PBXFrameworksBuildPhase section */

/* Begin PBXGroup section */
		F402F70B2D8878B20049610F = {
			isa = PBXGroup;
			children = (
				F402F7162D8878B30049610F /* BeeRace */,
				F402F72D2D8878B40049610F /* BeeRaceTests */,
				F402F7372D8878B40049610F /* BeeRaceUITests */,
				F402F7152D8878B30049610F /* Products */,
			);
			sourceTree = "<group>";
		};
		F402F7152D8878B30049610F /* Products */ = {
			isa = PBXGroup;
			children = (
				F402F7142D8878B30049610F /* BeeRace.app */,
				F402F72A2D8878B40049610F /* BeeRaceTests.xctest */,
				F402F7342D8878B40049610F /* BeeRaceUITests.xctest */,
			);
			name = Products;
			sourceTree = "<group>";
		};
/* End PBXGroup section */

/* Begin PBXNativeTarget section */
		F402F7132D8878B30049610F /* BeeRace */ = {
			isa = PBXNativeTarget;
			buildConfigurationList = F402F73D2D8878B40049610F /* Build configuration list for PBXNativeTarget "BeeRace" */;
			buildPhases = (
				F402F7102D8878B30049610F /* Sources */,
				F402F7112D8878B30049610F /* Frameworks */,
				F402F7122D8878B30049610F /* Resources */,
			);
			buildRules = (
			);
			dependencies = (
			);
			fileSystemSynchronizedGroups = (
				F402F7162D8878B30049610F /* BeeRace */,
			);
			name = BeeRace;
			packageProductDependencies = (
			);
			productName = BeeRace;
			productReference = F402F7142D8878B30049610F /* BeeRace.app */;
			productType = "com.apple.product-type.application";
		};
		F402F7292D8878B40049610F /* BeeRaceTests */ = {
			isa = PBXNativeTarget;
			buildConfigurationList = F402F7422D8878B40049610F /* Build configuration list for PBXNativeTarget "BeeRaceTests" */;
			buildPhases = (
				F402F7262D8878B40049610F /* Sources */,
				F402F7272D8878B40049610F /* Frameworks */,
				F402F7282D8878B40049610F /* Resources */,
			);
			buildRules = (
			);
			dependencies = (
				F402F72C2D8878B40049610F /* PBXTargetDependency */,
			);
			fileSystemSynchronizedGroups = (
				F402F72D2D8878B40049610F /* BeeRaceTests */,
			);
			name = BeeRaceTests;
			packageProductDependencies = (
			);
			productName = BeeRaceTests;
			productReference = F402F72A2D8878B40049610F /* BeeRaceTests.xctest */;
			productType = "com.apple.product-type.bundle.unit-test";
		};
		F402F7332D8878B40049610F /* BeeRaceUITests */ = {
			isa = PBXNativeTarget;
			buildConfigurationList = F402F7452D8878B40049610F /* Build configuration list for PBXNativeTarget "BeeRaceUITests" */;
			buildPhases = (
				F402F7302D8878B40049610F /* Sources */,
				F402F7312D8878B40049610F /* Frameworks */,
				F402F7322D8878B40049610F /* Resources */,
			);
			buildRules = (
			);
			dependencies = (
				F402F7362D8878B40049610F /* PBXTargetDependency */,
			);
			fileSystemSynchronizedGroups = (
				F402F7372D8878B40049610F /* BeeRaceUITests */,
			);
			name = BeeRaceUITests;
			packageProductDependencies = (
			);
			productName = BeeRaceUITests;
			productReference = F402F7342D8878B40049610F /* BeeRaceUITests.xctest */;
			productType = "com.apple.product-type.bundle.ui-testing";
		};
/* End PBXNativeTarget section */

/* Begin PBXProject section */
		F402F70C2D8878B30049610F /* Project object */ = {
			isa = PBXProject;
			attributes = {
				BuildIndependentTargetsInParallel = 1;
				LastSwiftUpdateCheck = 1600;
				LastUpgradeCheck = 1600;
				TargetAttributes = {
					F402F7132D8878B30049610F = {
						CreatedOnToolsVersion = 16.0;
					};
					F402F7292D8878B40049610F = {
						CreatedOnToolsVersion = 16.0;
						TestTargetID = F402F7132D8878B30049610F;
					};
					F402F7332D8878B40049610F = {
						CreatedOnToolsVersion = 16.0;
						TestTargetID = F402F7132D8878B30049610F;
					};
				};
			};
			buildConfigurationList = F402F70F2D8878B30049610F /* Build configuration list for PBXProject "BeeRace" */;
			developmentRegion = en;
			hasScannedForEncodings = 0;
			knownRegions = (
				en,
				Base,
			);
			mainGroup = F402F70B2D8878B20049610F;
			minimizedProjectReferenceProxies = 1;
			preferredProjectObjectVersion = 77;
			productRefGroup = F402F7152D8878B30049610F /* Products */;
			projectDirPath = "";
			projectRoot = "";
			targets = (
				F402F7132D8878B30049610F /* BeeRace */,
				F402F7292D8878B40049610F /* BeeRaceTests */,
				F402F7332D8878B40049610F /* BeeRaceUITests */,
			);
		};
/* End PBXProject section */

/* Begin PBXResourcesBuildPhase section */
		F402F7122D8878B30049610F /* Resources */ = {
			isa = PBXResourcesBuildPhase;
			buildActionMask = 2147483647;
			files = (
			);
			runOnlyForDeploymentPostprocessing = 0;
		};
		F402F7282D8878B40049610F /* Resources */ = {
			isa = PBXResourcesBuildPhase;
			buildActionMask = 2147483647;
			files = (
			);
			runOnlyForDeploymentPostprocessing = 0;
		};
		F402F7322D8878B40049610F /* Resources */ = {
			isa = PBXResourcesBuildPhase;
			buildActionMask = 2147483647;
			files = (
			);
			runOnlyForDeploymentPostprocessing = 0;
		};
/* End PBXResourcesBuildPhase section */

/* Begin PBXSourcesBuildPhase section */
		F402F7102D8878B30049610F /* Sources */ = {
			isa = PBXSourcesBuildPhase;
			buildActionMask = 2147483647;
			files = (
			);
			runOnlyForDeploymentPostprocessing = 0;
		};
		F402F7262D8878B40049610F /* Sources */ = {
			isa = PBXSourcesBuildPhase;
			buildActionMask = 2147483647;
			files = (
			);
			runOnlyForDeploymentPostprocessing = 0;
		};
		F402F7302D8878B40049610F /* Sources */ = {
			isa = PBXSourcesBuildPhase;
			buildActionMask = 2147483647;
			files = (
			);
			runOnlyForDeploymentPostprocessing = 0;
		};
/* End PBXSourcesBuildPhase section */

/* Begin PBXTargetDependency section */
		F402F72C2D8878B40049610F /* PBXTargetDependency */ = {
			isa = PBXTargetDependency;
			target = F402F7132D8878B30049610F /* BeeRace */;
			targetProxy = F402F72B2D8878B40049610F /* PBXContainerItemProxy */;
		};
		F402F7362D8878B40049610F /* PBXTargetDependency */ = {
			isa = PBXTargetDependency;
			target = F402F7132D8878B30049610F /* BeeRace */;
			targetProxy = F402F7352D8878B40049610F /* PBXContainerItemProxy */;
		};
/* End PBXTargetDependency section */

/* Begin XCBuildConfiguration section */
		F402F73E2D8878B40049610F /* Debug */ = {
			isa = XCBuildConfiguration;
			buildSettings = {
				ASSETCATALOG_COMPILER_APPICON_NAME = AppIcon;
				ASSETCATALOG_COMPILER_GLOBAL_ACCENT_COLOR_NAME = AccentColor;
				CODE_SIGN_STYLE = Automatic;
				CURRENT_PROJECT_VERSION = 1;
				DEVELOPMENT_TEAM = X4637C63ZD;
				GENERATE_INFOPLIST_FILE = YES;
				INFOPLIST_FILE = BeeRace/Info.plist;
				INFOPLIST_KEY_UIApplicationSupportsIndirectInputEvents = YES;
				INFOPLIST_KEY_UILaunchStoryboardName = LaunchScreen;
				INFOPLIST_KEY_UIMainStoryboardFile = Main;
				INFOPLIST_KEY_UISupportedInterfaceOrientations_iPad = "UIInterfaceOrientationPortrait UIInterfaceOrientationPortraitUpsideDown UIInterfaceOrientationLandscapeLeft UIInterfaceOrientationLandscapeRight";
				INFOPLIST_KEY_UISupportedInterfaceOrientations_iPhone = "UIInterfaceOrientationPortrait UIInterfaceOrientationLandscapeLeft UIInterfaceOrientationLandscapeRight";
				LD_RUNPATH_SEARCH_PATHS = (
					"$(inherited)",
					"@executable_path/Frameworks",
				);
				MARKETING_VERSION = 1.0;
				PRODUCT_BUNDLE_IDENTIFIER = goncaloAlmeida.BeeRace;
				PRODUCT_NAME = "$(TARGET_NAME)";
				SWIFT_EMIT_LOC_STRINGS = YES;
				SWIFT_VERSION = 5.0;
				TARGETED_DEVICE_FAMILY = "1,2";
			};
			name = Debug;
		};
		F402F73F2D8878B40049610F /* Release */ = {
			isa = XCBuildConfiguration;
			buildSettings = {
				ASSETCATALOG_COMPILER_APPICON_NAME = AppIcon;
				ASSETCATALOG_COMPILER_GLOBAL_ACCENT_COLOR_NAME = AccentColor;
				CODE_SIGN_STYLE = Automatic;
				CURRENT_PROJECT_VERSION = 1;
				DEVELOPMENT_TEAM = X4637C63ZD;
				GENERATE_INFOPLIST_FILE = YES;
				INFOPLIST_FILE = BeeRace/Info.plist;
				INFOPLIST_KEY_UIApplicationSupportsIndirectInputEvents = YES;
				INFOPLIST_KEY_UILaunchStoryboardName = LaunchScreen;
				INFOPLIST_KEY_UIMainStoryboardFile = Main;
				INFOPLIST_KEY_UISupportedInterfaceOrientations_iPad = "UIInterfaceOrientationPortrait UIInterfaceOrientationPortraitUpsideDown UIInterfaceOrientationLandscapeLeft UIInterfaceOrientationLandscapeRight";
				INFOPLIST_KEY_UISupportedInterfaceOrientations_iPhone = "UIInterfaceOrientationPortrait UIInterfaceOrientationLandscapeLeft UIInterfaceOrientationLandscapeRight";
				LD_RUNPATH_SEARCH_PATHS = (
					"$(inherited)",
					"@executable_path/Frameworks",
				);
				MARKETING_VERSION = 1.0;
				PRODUCT_BUNDLE_IDENTIFIER = goncaloAlmeida.BeeRace;
				PRODUCT_NAME = "$(TARGET_NAME)";
				SWIFT_EMIT_LOC_STRINGS = YES;
				SWIFT_VERSION = 5.0;
				TARGETED_DEVICE_FAMILY = "1,2";
			};
			name = Release;
		};
		F402F7402D8878B40049610F /* Debug */ = {
			isa = XCBuildConfiguration;
			buildSettings = {
				ALWAYS_SEARCH_USER_PATHS = NO;
				ASSETCATALOG_COMPILER_GENERATE_SWIFT_ASSET_SYMBOL_EXTENSIONS = YES;
				CLANG_ANALYZER_NONNULL = YES;
				CLANG_ANALYZER_NUMBER_OBJECT_CONVERSION = YES_AGGRESSIVE;
				CLANG_CXX_LANGUAGE_STANDARD = "gnu++20";
				CLANG_ENABLE_MODULES = YES;
				CLANG_ENABLE_OBJC_ARC = YES;
				CLANG_ENABLE_OBJC_WEAK = YES;
				CLANG_WARN_BLOCK_CAPTURE_AUTORELEASING = YES;
				CLANG_WARN_BOOL_CONVERSION = YES;
				CLANG_WARN_COMMA = YES;
				CLANG_WARN_CONSTANT_CONVERSION = YES;
				CLANG_WARN_DEPRECATED_OBJC_IMPLEMENTATIONS = YES;
				CLANG_WARN_DIRECT_OBJC_ISA_USAGE = YES_ERROR;
				CLANG_WARN_DOCUMENTATION_COMMENTS = YES;
				CLANG_WARN_EMPTY_BODY = YES;
				CLANG_WARN_ENUM_CONVERSION = YES;
				CLANG_WARN_INFINITE_RECURSION = YES;
				CLANG_WARN_INT_CONVERSION = YES;
				CLANG_WARN_NON_LITERAL_NULL_CONVERSION = YES;
				CLANG_WARN_OBJC_IMPLICIT_RETAIN_SELF = YES;
				CLANG_WARN_OBJC_LITERAL_CONVERSION = YES;
				CLANG_WARN_OBJC_ROOT_CLASS = YES_ERROR;
				CLANG_WARN_QUOTED_INCLUDE_IN_FRAMEWORK_HEADER = YES;
				CLANG_WARN_RANGE_LOOP_ANALYSIS = YES;
				CLANG_WARN_STRICT_PROTOTYPES = YES;
				CLANG_WARN_SUSPICIOUS_MOVE = YES;
				CLANG_WARN_UNGUARDED_AVAILABILITY = YES_AGGRESSIVE;
				CLANG_WARN_UNREACHABLE_CODE = YES;
				CLANG_WARN__DUPLICATE_METHOD_MATCH = YES;
				COPY_PHASE_STRIP = NO;
				DEBUG_INFORMATION_FORMAT = dwarf;
				ENABLE_STRICT_OBJC_MSGSEND = YES;
				ENABLE_TESTABILITY = YES;
				ENABLE_USER_SCRIPT_SANDBOXING = YES;
				GCC_C_LANGUAGE_STANDARD = gnu17;
				GCC_DYNAMIC_NO_PIC = NO;
				GCC_NO_COMMON_BLOCKS = YES;
				GCC_OPTIMIZATION_LEVEL = 0;
				GCC_PREPROCESSOR_DEFINITIONS = (
					"DEBUG=1",
					"$(inherited)",
				);
				GCC_WARN_64_TO_32_BIT_CONVERSION = YES;
				GCC_WARN_ABOUT_RETURN_TYPE = YES_ERROR;
				GCC_WARN_UNDECLARED_SELECTOR = YES;
				GCC_WARN_UNINITIALIZED_AUTOS = YES_AGGRESSIVE;
				GCC_WARN_UNUSED_FUNCTION = YES;
				GCC_WARN_UNUSED_VARIABLE = YES;
				IPHONEOS_DEPLOYMENT_TARGET = 18.0;
				LOCALIZATION_PREFERS_STRING_CATALOGS = YES;
				MTL_ENABLE_DEBUG_INFO = INCLUDE_SOURCE;
				MTL_FAST_MATH = YES;
				ONLY_ACTIVE_ARCH = YES;
				SDKROOT = iphoneos;
				SWIFT_ACTIVE_COMPILATION_CONDITIONS = "DEBUG $(inherited)";
				SWIFT_OPTIMIZATION_LEVEL = "-Onone";
			};
			name = Debug;
		};
		F402F7412D8878B40049610F /* Release */ = {
			isa = XCBuildConfiguration;
			buildSettings = {
				ALWAYS_SEARCH_USER_PATHS = NO;
				ASSETCATALOG_COMPILER_GENERATE_SWIFT_ASSET_SYMBOL_EXTENSIONS = YES;
				CLANG_ANALYZER_NONNULL = YES;
				CLANG_ANALYZER_NUMBER_OBJECT_CONVERSION = YES_AGGRESSIVE;
				CLANG_CXX_LANGUAGE_STANDARD = "gnu++20";
				CLANG_ENABLE_MODULES = YES;
				CLANG_ENABLE_OBJC_ARC = YES;
				CLANG_ENABLE_OBJC_WEAK = YES;
				CLANG_WARN_BLOCK_CAPTURE_AUTORELEASING = YES;
				CLANG_WARN_BOOL_CONVERSION = YES;
				CLANG_WARN_COMMA = YES;
				CLANG_WARN_CONSTANT_CONVERSION = YES;
				CLANG_WARN_DEPRECATED_OBJC_IMPLEMENTATIONS = YES;
				CLANG_WARN_DIRECT_OBJC_ISA_USAGE = YES_ERROR;
				CLANG_WARN_DOCUMENTATION_COMMENTS = YES;
				CLANG_WARN_EMPTY_BODY = YES;
				CLANG_WARN_ENUM_CONVERSION = YES;
				CLANG_WARN_INFINITE_RECURSION = YES;
				CLANG_WARN_INT_CONVERSION = YES;
				CLANG_WARN_NON_LITERAL_NULL_CONVERSION = YES;
				CLANG_WARN_OBJC_IMPLICIT_RETAIN_SELF = YES;
				CLANG_WARN_OBJC_LITERAL_CONVERSION = YES;
				CLANG_WARN_OBJC_ROOT_CLASS = YES_ERROR;
				CLANG_WARN_QUOTED_INCLUDE_IN_FRAMEWORK_HEADER = YES;
				CLANG_WARN_RANGE_LOOP_ANALYSIS = YES;
				CLANG_WARN_STRICT_PROTOTYPES = YES;
				CLANG_WARN_SUSPICIOUS_MOVE = YES;
				CLANG_WARN_UNGUARDED_AVAILABILITY = YES_AGGRESSIVE;
				CLANG_WARN_UNREACHABLE_CODE = YES;
				CLANG_WARN__DUPLICATE_METHOD_MATCH = YES;
				COPY_PHASE_STRIP = NO;
				DEBUG_INFORMATION_FORMAT = "dwarf-with-dsym";
				ENABLE_NS_ASSERTIONS = NO;
				ENABLE_STRICT_OBJC_MSGSEND = YES;
				ENABLE_USER_SCRIPT_SANDBOXING = YES;
				GCC_C_LANGUAGE_STANDARD = gnu17;
				GCC_NO_COMMON_BLOCKS = YES;
				GCC_WARN_64_TO_32_BIT_CONVERSION = YES;
				GCC_WARN_ABOUT_RETURN_TYPE = YES_ERROR;
				GCC_WARN_UNDECLARED_SELECTOR = YES;
				GCC_WARN_UNINITIALIZED_AUTOS = YES_AGGRESSIVE;
				GCC_WARN_UNUSED_FUNCTION = YES;
				GCC_WARN_UNUSED_VARIABLE = YES;
				IPHONEOS_DEPLOYMENT_TARGET = 18.0;
				LOCALIZATION_PREFERS_STRING_CATALOGS = YES;
				MTL_ENABLE_DEBUG_INFO = NO;
				MTL_FAST_MATH = YES;
				SDKROOT = iphoneos;
				SWIFT_COMPILATION_MODE = wholemodule;
				VALIDATE_PRODUCT = YES;
			};
			name = Release;
		};
		F402F7432D8878B40049610F /* Debug */ = {
			isa = XCBuildConfiguration;
			buildSettings = {
				BUNDLE_LOADER = "$(TEST_HOST)";
				CODE_SIGN_STYLE = Automatic;
				CURRENT_PROJECT_VERSION = 1;
				DEVELOPMENT_TEAM = X4637C63ZD;
				GENERATE_INFOPLIST_FILE = YES;
				IPHONEOS_DEPLOYMENT_TARGET = 18.0;
				MARKETING_VERSION = 1.0;
				PRODUCT_BUNDLE_IDENTIFIER = goncaloAlmeida.BeeRaceTests;
				PRODUCT_NAME = "$(TARGET_NAME)";
				SWIFT_EMIT_LOC_STRINGS = NO;
				SWIFT_VERSION = 5.0;
				TARGETED_DEVICE_FAMILY = "1,2";
				TEST_HOST = "$(BUILT_PRODUCTS_DIR)/BeeRace.app/$(BUNDLE_EXECUTABLE_FOLDER_PATH)/BeeRace";
			};
			name = Debug;
		};
		F402F7442D8878B40049610F /* Release */ = {
			isa = XCBuildConfiguration;
			buildSettings = {
				BUNDLE_LOADER = "$(TEST_HOST)";
				CODE_SIGN_STYLE = Automatic;
				CURRENT_PROJECT_VERSION = 1;
				DEVELOPMENT_TEAM = X4637C63ZD;
				GENERATE_INFOPLIST_FILE = YES;
				IPHONEOS_DEPLOYMENT_TARGET = 18.0;
				MARKETING_VERSION = 1.0;
				PRODUCT_BUNDLE_IDENTIFIER = goncaloAlmeida.BeeRaceTests;
				PRODUCT_NAME = "$(TARGET_NAME)";
				SWIFT_EMIT_LOC_STRINGS = NO;
				SWIFT_VERSION = 5.0;
				TARGETED_DEVICE_FAMILY = "1,2";
				TEST_HOST = "$(BUILT_PRODUCTS_DIR)/BeeRace.app/$(BUNDLE_EXECUTABLE_FOLDER_PATH)/BeeRace";
			};
			name = Release;
		};
		F402F7462D8878B40049610F /* Debug */ = {
			isa = XCBuildConfiguration;
			buildSettings = {
				CODE_SIGN_STYLE = Automatic;
				CURRENT_PROJECT_VERSION = 1;
				DEVELOPMENT_TEAM = X4637C63ZD;
				GENERATE_INFOPLIST_FILE = YES;
				MARKETING_VERSION = 1.0;
				PRODUCT_BUNDLE_IDENTIFIER = goncaloAlmeida.BeeRaceUITests;
				PRODUCT_NAME = "$(TARGET_NAME)";
				SWIFT_EMIT_LOC_STRINGS = NO;
				SWIFT_VERSION = 5.0;
				TARGETED_DEVICE_FAMILY = "1,2";
				TEST_TARGET_NAME = BeeRace;
			};
			name = Debug;
		};
		F402F7472D8878B40049610F /* Release */ = {
			isa = XCBuildConfiguration;
			buildSettings = {
				CODE_SIGN_STYLE = Automatic;
				CURRENT_PROJECT_VERSION = 1;
				DEVELOPMENT_TEAM = X4637C63ZD;
				GENERATE_INFOPLIST_FILE = YES;
				MARKETING_VERSION = 1.0;
				PRODUCT_BUNDLE_IDENTIFIER = goncaloAlmeida.BeeRaceUITests;
				PRODUCT_NAME = "$(TARGET_NAME)";
				SWIFT_EMIT_LOC_STRINGS = NO;
				SWIFT_VERSION = 5.0;
				TARGETED_DEVICE_FAMILY = "1,2";
				TEST_TARGET_NAME = BeeRace;
			};
			name = Release;
		};
/* End XCBuildConfiguration section */

/* Begin XCConfigurationList section */
		F402F70F2D8878B30049610F /* Build configuration list for PBXProject "BeeRace" */ = {
			isa = XCConfigurationList;
			buildConfigurations = (
				F402F7402D8878B40049610F /* Debug */,
				F402F7412D8878B40049610F /* Release */,
			);
			defaultConfigurationIsVisible = 0;
			defaultConfigurationName = Release;
		};
		F402F73D2D8878B40049610F /* Build configuration list for PBXNativeTarget "BeeRace" */ = {
			isa = XCConfigurationList;
			buildConfigurations = (
				F402F73E2D8878B40049610F /* Debug */,
				F402F73F2D8878B40049610F /* Release */,
			);
			defaultConfigurationIsVisible = 0;
			defaultConfigurationName = Release;
		};
		F402F7422D8878B40049610F /* Build configuration list for PBXNativeTarget "BeeRaceTests" */ = {
			isa = XCConfigurationList;
			buildConfigurations = (
				F402F7432D8878B40049610F /* Debug */,
				F402F7442D8878B40049610F /* Release */,
			);
			defaultConfigurationIsVisible = 0;
			defaultConfigurationName = Release;
		};
		F402F7452D8878B40049610F /* Build configuration list for PBXNativeTarget "BeeRaceUITests" */ = {
			isa = XCConfigurationList;
			buildConfigurations = (
				F402F7462D8878B40049610F /* Debug */,
				F402F7472D8878B40049610F /* Release */,
			);
			defaultConfigurationIsVisible = 0;
			defaultConfigurationName = Release;
		};
/* End XCConfigurationList section */
	};
	rootObject = F402F70C2D8878B30049610F /* Project object */;
}
